
Microsoft Visual Studio Solution File, Format Version 12.00
# Visual Studio 14
VisualStudioVersion = 14.0.22512.0
MinimumVisualStudioVersion = 10.0.40219.1
Project("{8BC9CEB8-8B4A-11D0-8D11-00A0C91BC942}") = "gameboy_lib", "gameboy_lib\gameboy_lib.vcxproj", "{2AC87034-5F32-499C-B92B-62C737FEAFB6}"
EndProject
Project("{8BC9CEB8-8B4A-11D0-8D11-00A0C91BC942}") = "gameboy_ui", "gameboy_ui\gameboy_ui.vcxproj", "{CC06361D-4BDF-4670-87C6-A2911F4BF6F5}"
	ProjectSection(ProjectDependencies) = postProject
		{2AC87034-5F32-499C-B92B-62C737FEAFB6} = {2AC87034-5F32-499C-B92B-62C737FEAFB6}
	EndProjectSection
EndProject
Project("{8BC9CEB8-8B4A-11D0-8D11-00A0C91BC942}") = "gameboy_test", "gameboy_test\gameboy_test.vcxproj", "{9BC02728-C39C-42C9-82F6-F750AC3FD8C3}"
	ProjectSection(ProjectDependencies) = postProject
		{2AC87034-5F32-499C-B92B-62C737FEAFB6} = {2AC87034-5F32-499C-B92B-62C737FEAFB6}
	EndProjectSection
EndProject
Global
	GlobalSection(SolutionConfigurationPlatforms) = preSolution
		Debug|x64 = Debug|x64
		Release|x64 = Release|x64
	EndGlobalSection
	GlobalSection(ProjectConfigurationPlatforms) = postSolution
		{2AC87034-5F32-499C-B92B-62C737FEAFB6}.Debug|x64.ActiveCfg = Debug|x64
		{2AC87034-5F32-499C-B92B-62C737FEAFB6}.Debug|x64.Build.0 = Debug|x64
		{2AC87034-5F32-499C-B92B-62C737FEAFB6}.Release|x64.ActiveCfg = Release|x64
		{2AC87034-5F32-499C-B92B-62C737FEAFB6}.Release|x64.Build.0 = Release|x64
		{CC06361D-4BDF-4670-87C6-A2911F4BF6F5}.Debug|x64.ActiveCfg = Debug|x64
		{CC06361D-4BDF-4670-87C6-A2911F4BF6F5}.Debug|x64.Build.0 = Debug|x64
		{CC06361D-4BDF-4670-87C6-A2911F4BF6F5}.Release|x64.ActiveCfg = Release|x64
		{CC06361D-4BDF-4670-87C6-A2911F4BF6F5}.Release|x64.Build.0 = Release|x64
		{9BC02728-C39C-42C9-82F6-F750AC3FD8C3}.Debug|x64.ActiveCfg = Debug|x64
		{9BC02728-C39C-42C9-82F6-F750AC3FD8C3}.Debug|x64.Build.0 = Debug|x64
		{9BC02728-C39C-42C9-82F6-F750AC3FD8C3}.Release|x64.ActiveCfg = Release|x64
		{9BC02728-C39C-42C9-82F6-F750AC3FD8C3}.Release|x64.Build.0 = Release|x64
	EndGlobalSection
	GlobalSection(SolutionProperties) = preSolution
		HideSolutionNode = FALSE
	EndGlobalSection
EndGlobal
